
Microsoft Visual Studio Solution File, Format Version 12.00
# Visual Studio 2013
VisualStudioVersion = 12.0.31101.0
MinimumVisualStudioVersion = 10.0.40219.1
Project("{FAE04EC0-301F-11D3-BF4B-00C04F79EFBC}") = "DolphinControllerAutomator", "DolphinControllerAutomator\DolphinControllerAutomator.csproj", "{FA5026AF-9FF4-4DBF-97D9-452ECE584C76}"
EndProject
Project("{FAE04EC0-301F-11D3-BF4B-00C04F79EFBC}") = "DolphinControllerAutomatorUITester", "DolphinControllerAutomatorUITester\DolphinControllerAutomatorUITester.csproj", "{B06DF06B-2BF4-4DF2-BC2C-3D62AAB89575}"
EndProject
Global
	GlobalSection(SolutionConfigurationPlatforms) = preSolution
		Debug|Any CPU = Debug|Any CPU
		Release|Any CPU = Release|Any CPU
	EndGlobalSection
	GlobalSection(ProjectConfigurationPlatforms) = postSolution
		{FA5026AF-9FF4-4DBF-97D9-452ECE584C76}.Debug|Any CPU.ActiveCfg = Debug|Any CPU
		{FA5026AF-9FF4-4DBF-97D9-452ECE584C76}.Debug|Any CPU.Build.0 = Debug|Any CPU
		{FA5026AF-9FF4-4DBF-97D9-452ECE584C76}.Release|Any CPU.ActiveCfg = Release|Any CPU
		{FA5026AF-9FF4-4DBF-97D9-452ECE584C76}.Release|Any CPU.Build.0 = Release|Any CPU
		{B06DF06B-2BF4-4DF2-BC2C-3D62AAB89575}.Debug|Any CPU.ActiveCfg = Debug|Any CPU
		{B06DF06B-2BF4-4DF2-BC2C-3D62AAB89575}.Debug|Any CPU.Build.0 = Debug|Any CPU
		{B06DF06B-2BF4-4DF2-BC2C-3D62AAB89575}.Release|Any CPU.ActiveCfg = Release|Any CPU
		{B06DF06B-2BF4-4DF2-BC2C-3D62AAB89575}.Release|Any CPU.Build.0 = Release|Any CPU
	EndGlobalSection
	GlobalSection(SolutionProperties) = preSolution
		HideSolutionNode = FALSE
	EndGlobalSection
EndGlobal
